{
  "requires": true,
  "lockfileVersion": 1,
  "dependencies": {
    "videojs-resolution-switcher": {
      "version": "0.4.2",
      "resolved": "https://registry.npmjs.org/videojs-resolution-switcher/-/videojs-resolution-switcher-0.4.2.tgz",
      "integrity": "sha1-U+84xY6VuQphp0Ut6Bd+6DiiZAU="
    }
  }
}
